
Microsoft Visual Studio Solution File, Format Version 12.00
# Visual Studio 14
VisualStudioVersion = 14.0.24720.0
MinimumVisualStudioVersion = 10.0.40219.1
Project("{FAE04EC0-301F-11D3-BF4B-00C04F79EFBC}") = "Cloudoh", "Cloudoh\Cloudoh.csproj", "{90873A38-9C3F-44DC-A3F3-144EDF032085}"
EndProject
Project("{FAE04EC0-301F-11D3-BF4B-00C04F79EFBC}") = "Cloudoh.Common", "Cloudoh.Common\Cloudoh.Common.csproj", "{D05DA6A5-2DAF-4721-93A3-7036D7C553E7}"
EndProject
Project("{FAE04EC0-301F-11D3-BF4B-00C04F79EFBC}") = "Cloudoh.Audio.Agent", "Cloudoh.Audio.Agent\Cloudoh.Audio.Agent.csproj", "{C7258F96-4E29-4139-AA5D-2DE26A851595}"
EndProject
Project("{FAE04EC0-301F-11D3-BF4B-00C04F79EFBC}") = "Cloudoh.Audio.Player", "Cloudoh.Audio.Player\Cloudoh.Audio.Player.csproj", "{86516586-7132-45D1-A542-AE9CC17F23C7}"
EndProject
Project("{FAE04EC0-301F-11D3-BF4B-00C04F79EFBC}") = "FieldOfTweets.Common.Api.Responses.Soundcloud.WP8", "FieldOfTweets.Common.Api.Responses.Soundcloud\FieldOfTweets.Common.Api.Responses.Soundcloud.WP8.csproj", "{F426A7C2-9843-48E8-9A02-45DBED571018}"
EndProject
Global
	GlobalSection(SolutionConfigurationPlatforms) = preSolution
		Debug|Any CPU = Debug|Any CPU
		Debug|ARM = Debug|ARM
		Debug|x86 = Debug|x86
		Mehdoh Free Release|Any CPU = Mehdoh Free Release|Any CPU
		Mehdoh Free Release|ARM = Mehdoh Free Release|ARM
		Mehdoh Free Release|x86 = Mehdoh Free Release|x86
		Release|Any CPU = Release|Any CPU
		Release|ARM = Release|ARM
		Release|x86 = Release|x86
	EndGlobalSection
	GlobalSection(ProjectConfigurationPlatforms) = postSolution
		{90873A38-9C3F-44DC-A3F3-144EDF032085}.Debug|Any CPU.ActiveCfg = Debug|Any CPU
		{90873A38-9C3F-44DC-A3F3-144EDF032085}.Debug|Any CPU.Build.0 = Debug|Any CPU
		{90873A38-9C3F-44DC-A3F3-144EDF032085}.Debug|Any CPU.Deploy.0 = Debug|Any CPU
		{90873A38-9C3F-44DC-A3F3-144EDF032085}.Debug|ARM.ActiveCfg = Debug|ARM
		{90873A38-9C3F-44DC-A3F3-144EDF032085}.Debug|ARM.Build.0 = Debug|ARM
		{90873A38-9C3F-44DC-A3F3-144EDF032085}.Debug|ARM.Deploy.0 = Debug|ARM
		{90873A38-9C3F-44DC-A3F3-144EDF032085}.Debug|x86.ActiveCfg = Debug|x86
		{90873A38-9C3F-44DC-A3F3-144EDF032085}.Debug|x86.Build.0 = Debug|x86
		{90873A38-9C3F-44DC-A3F3-144EDF032085}.Debug|x86.Deploy.0 = Debug|x86
		{90873A38-9C3F-44DC-A3F3-144EDF032085}.Mehdoh Free Release|Any CPU.ActiveCfg = Release|Any CPU
		{90873A38-9C3F-44DC-A3F3-144EDF032085}.Mehdoh Free Release|Any CPU.Build.0 = Release|Any CPU
		{90873A38-9C3F-44DC-A3F3-144EDF032085}.Mehdoh Free Release|Any CPU.Deploy.0 = Release|Any CPU
		{90873A38-9C3F-44DC-A3F3-144EDF032085}.Mehdoh Free Release|ARM.ActiveCfg = Release|ARM
		{90873A38-9C3F-44DC-A3F3-144EDF032085}.Mehdoh Free Release|ARM.Build.0 = Release|ARM
		{90873A38-9C3F-44DC-A3F3-144EDF032085}.Mehdoh Free Release|ARM.Deploy.0 = Release|ARM
		{90873A38-9C3F-44DC-A3F3-144EDF032085}.Mehdoh Free Release|x86.ActiveCfg = Release|x86
		{90873A38-9C3F-44DC-A3F3-144EDF032085}.Mehdoh Free Release|x86.Build.0 = Release|x86
		{90873A38-9C3F-44DC-A3F3-144EDF032085}.Mehdoh Free Release|x86.Deploy.0 = Release|x86
		{90873A38-9C3F-44DC-A3F3-144EDF032085}.Release|Any CPU.ActiveCfg = Release|Any CPU
		{90873A38-9C3F-44DC-A3F3-144EDF032085}.Release|Any CPU.Build.0 = Release|Any CPU
		{90873A38-9C3F-44DC-A3F3-144EDF032085}.Release|Any CPU.Deploy.0 = Release|Any CPU
		{90873A38-9C3F-44DC-A3F3-144EDF032085}.Release|ARM.ActiveCfg = Release|ARM
		{90873A38-9C3F-44DC-A3F3-144EDF032085}.Release|ARM.Build.0 = Release|ARM
		{90873A38-9C3F-44DC-A3F3-144EDF032085}.Release|ARM.Deploy.0 = Release|ARM
		{90873A38-9C3F-44DC-A3F3-144EDF032085}.Release|x86.ActiveCfg = Release|x86
		{90873A38-9C3F-44DC-A3F3-144EDF032085}.Release|x86.Build.0 = Release|x86
		{90873A38-9C3F-44DC-A3F3-144EDF032085}.Release|x86.Deploy.0 = Release|x86
		{D05DA6A5-2DAF-4721-93A3-7036D7C553E7}.Debug|Any CPU.ActiveCfg = Debug|Any CPU
		{D05DA6A5-2DAF-4721-93A3-7036D7C553E7}.Debug|Any CPU.Build.0 = Debug|Any CPU
		{D05DA6A5-2DAF-4721-93A3-7036D7C553E7}.Debug|ARM.ActiveCfg = Debug|ARM
		{D05DA6A5-2DAF-4721-93A3-7036D7C553E7}.Debug|ARM.Build.0 = Debug|ARM
		{D05DA6A5-2DAF-4721-93A3-7036D7C553E7}.Debug|x86.ActiveCfg = Debug|x86
		{D05DA6A5-2DAF-4721-93A3-7036D7C553E7}.Debug|x86.Build.0 = Debug|x86
		{D05DA6A5-2DAF-4721-93A3-7036D7C553E7}.Mehdoh Free Release|Any CPU.ActiveCfg = Release|Any CPU
		{D05DA6A5-2DAF-4721-93A3-7036D7C553E7}.Mehdoh Free Release|Any CPU.Build.0 = Release|Any CPU
		{D05DA6A5-2DAF-4721-93A3-7036D7C553E7}.Mehdoh Free Release|ARM.ActiveCfg = Release|ARM
		{D05DA6A5-2DAF-4721-93A3-7036D7C553E7}.Mehdoh Free Release|ARM.Build.0 = Release|ARM
		{D05DA6A5-2DAF-4721-93A3-7036D7C553E7}.Mehdoh Free Release|x86.ActiveCfg = Release|x86
		{D05DA6A5-2DAF-4721-93A3-7036D7C553E7}.Mehdoh Free Release|x86.Build.0 = Release|x86
		{D05DA6A5-2DAF-4721-93A3-7036D7C553E7}.Release|Any CPU.ActiveCfg = Release|Any CPU
		{D05DA6A5-2DAF-4721-93A3-7036D7C553E7}.Release|Any CPU.Build.0 = Release|Any CPU
		{D05DA6A5-2DAF-4721-93A3-7036D7C553E7}.Release|Any CPU.Deploy.0 = Release|Any CPU
		{D05DA6A5-2DAF-4721-93A3-7036D7C553E7}.Release|ARM.ActiveCfg = Release|ARM
		{D05DA6A5-2DAF-4721-93A3-7036D7C553E7}.Release|ARM.Build.0 = Release|ARM
		{D05DA6A5-2DAF-4721-93A3-7036D7C553E7}.Release|x86.ActiveCfg = Release|x86
		{D05DA6A5-2DAF-4721-93A3-7036D7C553E7}.Release|x86.Build.0 = Release|x86
		{C7258F96-4E29-4139-AA5D-2DE26A851595}.Debug|Any CPU.ActiveCfg = Debug|Any CPU
		{C7258F96-4E29-4139-AA5D-2DE26A851595}.Debug|Any CPU.Build.0 = Debug|Any CPU
		{C7258F96-4E29-4139-AA5D-2DE26A851595}.Debug|ARM.ActiveCfg = Debug|ARM
		{C7258F96-4E29-4139-AA5D-2DE26A851595}.Debug|ARM.Build.0 = Debug|ARM
		{C7258F96-4E29-4139-AA5D-2DE26A851595}.Debug|x86.ActiveCfg = Debug|x86
		{C7258F96-4E29-4139-AA5D-2DE26A851595}.Debug|x86.Build.0 = Debug|x86
		{C7258F96-4E29-4139-AA5D-2DE26A851595}.Mehdoh Free Release|Any CPU.ActiveCfg = Release|Any CPU
		{C7258F96-4E29-4139-AA5D-2DE26A851595}.Mehdoh Free Release|Any CPU.Build.0 = Release|Any CPU
		{C7258F96-4E29-4139-AA5D-2DE26A851595}.Mehdoh Free Release|ARM.ActiveCfg = Release|ARM
		{C7258F96-4E29-4139-AA5D-2DE26A851595}.Mehdoh Free Release|ARM.Build.0 = Release|ARM
		{C7258F96-4E29-4139-AA5D-2DE26A851595}.Mehdoh Free Release|x86.ActiveCfg = Release|x86
		{C7258F96-4E29-4139-AA5D-2DE26A851595}.Mehdoh Free Release|x86.Build.0 = Release|x86
		{C7258F96-4E29-4139-AA5D-2DE26A851595}.Release|Any CPU.ActiveCfg = Release|Any CPU
		{C7258F96-4E29-4139-AA5D-2DE26A851595}.Release|Any CPU.Build.0 = Release|Any CPU
		{C7258F96-4E29-4139-AA5D-2DE26A851595}.Release|ARM.ActiveCfg = Release|ARM
		{C7258F96-4E29-4139-AA5D-2DE26A851595}.Release|ARM.Build.0 = Release|ARM
		{C7258F96-4E29-4139-AA5D-2DE26A851595}.Release|x86.ActiveCfg = Release|x86
		{C7258F96-4E29-4139-AA5D-2DE26A851595}.Release|x86.Build.0 = Release|x86
		{86516586-7132-45D1-A542-AE9CC17F23C7}.Debug|Any CPU.ActiveCfg = Debug|Any CPU
		{86516586-7132-45D1-A542-AE9CC17F23C7}.Debug|Any CPU.Build.0 = Debug|Any CPU
		{86516586-7132-45D1-A542-AE9CC17F23C7}.Debug|ARM.ActiveCfg = Debug|ARM
		{86516586-7132-45D1-A542-AE9CC17F23C7}.Debug|ARM.Build.0 = Debug|ARM
		{86516586-7132-45D1-A542-AE9CC17F23C7}.Debug|x86.ActiveCfg = Debug|x86
		{86516586-7132-45D1-A542-AE9CC17F23C7}.Debug|x86.Build.0 = Debug|x86
		{86516586-7132-45D1-A542-AE9CC17F23C7}.Mehdoh Free Release|Any CPU.ActiveCfg = Release|Any CPU
		{86516586-7132-45D1-A542-AE9CC17F23C7}.Mehdoh Free Release|Any CPU.Build.0 = Release|Any CPU
		{86516586-7132-45D1-A542-AE9CC17F23C7}.Mehdoh Free Release|ARM.ActiveCfg = Release|ARM
		{86516586-7132-45D1-A542-AE9CC17F23C7}.Mehdoh Free Release|ARM.Build.0 = Release|ARM
		{86516586-7132-45D1-A542-AE9CC17F23C7}.Mehdoh Free Release|x86.ActiveCfg = Release|x86
		{86516586-7132-45D1-A542-AE9CC17F23C7}.Mehdoh Free Release|x86.Build.0 = Release|x86
		{86516586-7132-45D1-A542-AE9CC17F23C7}.Release|Any CPU.ActiveCfg = Release|Any CPU
		{86516586-7132-45D1-A542-AE9CC17F23C7}.Release|Any CPU.Build.0 = Release|Any CPU
		{86516586-7132-45D1-A542-AE9CC17F23C7}.Release|ARM.ActiveCfg = Release|ARM
		{86516586-7132-45D1-A542-AE9CC17F23C7}.Release|ARM.Build.0 = Release|ARM
		{86516586-7132-45D1-A542-AE9CC17F23C7}.Release|x86.ActiveCfg = Release|x86
		{86516586-7132-45D1-A542-AE9CC17F23C7}.Release|x86.Build.0 = Release|x86
		{F426A7C2-9843-48E8-9A02-45DBED571018}.Debug|Any CPU.ActiveCfg = Debug|Any CPU
		{F426A7C2-9843-48E8-9A02-45DBED571018}.Debug|Any CPU.Build.0 = Debug|Any CPU
		{F426A7C2-9843-48E8-9A02-45DBED571018}.Debug|ARM.ActiveCfg = Debug|ARM
		{F426A7C2-9843-48E8-9A02-45DBED571018}.Debug|ARM.Build.0 = Debug|ARM
		{F426A7C2-9843-48E8-9A02-45DBED571018}.Debug|x86.ActiveCfg = Debug|x86
		{F426A7C2-9843-48E8-9A02-45DBED571018}.Debug|x86.Build.0 = Debug|x86
		{F426A7C2-9843-48E8-9A02-45DBED571018}.Mehdoh Free Release|Any CPU.ActiveCfg = Mehdoh Free Release|Any CPU
		{F426A7C2-9843-48E8-9A02-45DBED571018}.Mehdoh Free Release|Any CPU.Build.0 = Mehdoh Free Release|Any CPU
		{F426A7C2-9843-48E8-9A02-45DBED571018}.Mehdoh Free Release|ARM.ActiveCfg = Mehdoh Free Release|ARM
		{F426A7C2-9843-48E8-9A02-45DBED571018}.Mehdoh Free Release|ARM.Build.0 = Mehdoh Free Release|ARM
		{F426A7C2-9843-48E8-9A02-45DBED571018}.Mehdoh Free Release|x86.ActiveCfg = Mehdoh Free Release|x86
		{F426A7C2-9843-48E8-9A02-45DBED571018}.Mehdoh Free Release|x86.Build.0 = Mehdoh Free Release|x86
		{F426A7C2-9843-48E8-9A02-45DBED571018}.Release|Any CPU.ActiveCfg = Release|Any CPU
		{F426A7C2-9843-48E8-9A02-45DBED571018}.Release|Any CPU.Build.0 = Release|Any CPU
		{F426A7C2-9843-48E8-9A02-45DBED571018}.Release|ARM.ActiveCfg = Release|ARM
		{F426A7C2-9843-48E8-9A02-45DBED571018}.Release|ARM.Build.0 = Release|ARM
		{F426A7C2-9843-48E8-9A02-45DBED571018}.Release|x86.ActiveCfg = Release|x86
		{F426A7C2-9843-48E8-9A02-45DBED571018}.Release|x86.Build.0 = Release|x86
	EndGlobalSection
	GlobalSection(SolutionProperties) = preSolution
		HideSolutionNode = FALSE
	EndGlobalSection
	GlobalSection(SubversionScc) = preSolution
		Svn-Managed = True
		Manager = AnkhSVN - Subversion Support for Visual Studio
	EndGlobalSection
EndGlobal
